// !$*UTF8*$!
{
	archiveVersion = 1;
	classes = {
	};
	objectVersion = 50;
	objects = {

/* Begin PBXBuildFile section */
		12FFA99C273B957A00AB5CBB /* AppDelegate.swift in Sources */ = {isa = PBXBuildFile; fileRef = 12FFA99B273B957A00AB5CBB /* AppDelegate.swift */; };
		12FFA99E273B957A00AB5CBB /* SceneDelegate.swift in Sources */ = {isa = PBXBuildFile; fileRef = 12FFA99D273B957A00AB5CBB /* SceneDelegate.swift */; };
		12FFA9A0273B957A00AB5CBB /* ViewController.swift in Sources */ = {isa = PBXBuildFile; fileRef = 12FFA99F273B957A00AB5CBB /* ViewController.swift */; };
		12FFA9A3273B957A00AB5CBB /* Main.storyboard in Resources */ = {isa = PBXBuildFile; fileRef = 12FFA9A1273B957A00AB5CBB /* Main.storyboard */; };
		12FFA9A5273B957F00AB5CBB /* Assets.xcassets in Resources */ = {isa = PBXBuildFile; fileRef = 12FFA9A4273B957F00AB5CBB /* Assets.xcassets */; };
		12FFA9A8273B957F00AB5CBB /* LaunchScreen.storyboard in Resources */ = {isa = PBXBuildFile; fileRef = 12FFA9A6273B957F00AB5CBB /* LaunchScreen.storyboard */; };
/* End PBXBuildFile section */

/* Begin PBXFileReference section */
		12FFA998273B957A00AB5CBB /* Lesson5_TimerQA.app */ = {isa = PBXFileReference; explicitFileType = wrapper.application; includeInIndex = 0; path = Lesson5_TimerQA.app; sourceTree = BUILT_PRODUCTS_DIR; };
		12FFA99B273B957A00AB5CBB /* AppDelegate.swift */ = {isa = PBXFileReference; lastKnownFileType = sourcecode.swift; path = AppDelegate.swift; sourceTree = "<group>"; };
		12FFA99D273B957A00AB5CBB /* SceneDelegate.swift */ = {isa = PBXFileReference; lastKnownFileType = sourcecode.swift; path = SceneDelegate.swift; sourceTree = "<group>"; };
		12FFA99F273B957A00AB5CBB /* ViewController.swift */ = {isa = PBXFileReference; lastKnownFileType = sourcecode.swift; path = ViewController.swift; sourceTree = "<group>"; };
		12FFA9A2273B957A00AB5CBB /* Base */ = {isa = PBXFileReference; lastKnownFileType = file.storyboard; name = Base; path = Base.lproj/Main.storyboard; sourceTree = "<group>"; };
		12FFA9A4273B957F00AB5CBB /* Assets.xcassets */ = {isa = PBXFileReference; lastKnownFileType = folder.assetcatalog; path = Assets.xcassets; sourceTree = "<group>"; };
		12FFA9A7273B957F00AB5CBB /* Base */ = {isa = PBXFileReference; lastKnownFileType = file.storyboard; name = Base; path = Base.lproj/LaunchScreen.storyboard; sourceTree = "<group>"; };
		12FFA9A9273B957F00AB5CBB /* Info.plist */ = {isa = PBXFileReference; lastKnownFileType = text.plist.xml; path = Info.plist; sourceTree = "<group>"; };
/* End PBXFileReference section */

/* Begin PBXFrameworksBuildPhase section */
		12FFA995273B957A00AB5CBB /* Frameworks */ = {
			isa = PBXFrameworksBuildPhase;
			buildActionMask = 2147483647;
			files = (
			);
			runOnlyForDeploymentPostprocessing = 0;
		};
/* End PBXFrameworksBuildPhase section */

/* Begin PBXGroup section */
		12FFA98F273B957A00AB5CBB = {
			isa = PBXGroup;
			children = (
				12FFA99A273B957A00AB5CBB /* Lesson5_TimerQA */,
				12FFA999273B957A00AB5CBB /* Products */,
			);
			sourceTree = "<group>";
		};
		12FFA999273B957A00AB5CBB /* Products */ = {
			isa = PBXGroup;
			children = (
				12FFA998273B957A00AB5CBB /* Lesson5_TimerQA.app */,
			);
			name = Products;
			sourceTree = "<group>";
		};
		12FFA99A273B957A00AB5CBB /* Lesson5_TimerQA */ = {
			isa = PBXGroup;
			children = (
				12FFA99B273B957A00AB5CBB /* AppDelegate.swift */,
				12FFA99D273B957A00AB5CBB /* SceneDelegate.swift */,
				12FFA99F273B957A00AB5CBB /* ViewController.swift */,
				12FFA9A1273B957A00AB5CBB /* Main.storyboard */,
				12FFA9A4273B957F00AB5CBB /* Assets.xcassets */,
				12FFA9A6273B957F00AB5CBB /* LaunchScreen.storyboard */,
				12FFA9A9273B957F00AB5CBB /* Info.plist */,
			);
			path = Lesson5_TimerQA;
			sourceTree = "<group>";
		};
/* End PBXGroup section */

/* Begin PBXNativeTarget section */
		12FFA997273B957A00AB5CBB /* Lesson5_TimerQA */ = {
			isa = PBXNativeTarget;
			buildConfigurationList = 12FFA9AC273B957F00AB5CBB /* Build configuration list for PBXNativeTarget "Lesson5_TimerQA" */;
			buildPhases = (
				12FFA994273B957A00AB5CBB /* Sources */,
				12FFA995273B957A00AB5CBB /* Frameworks */,
				12FFA996273B957A00AB5CBB /* Resources */,
			);
			buildRules = (
			);
			dependencies = (
			);
			name = Lesson5_TimerQA;
			productName = Lesson5_TimerQA;
			productReference = 12FFA998273B957A00AB5CBB /* Lesson5_TimerQA.app */;
			productType = "com.apple.product-type.application";
		};
/* End PBXNativeTarget section */

/* Begin PBXProject section */
		12FFA990273B957A00AB5CBB /* Project object */ = {
			isa = PBXProject;
			attributes = {
				LastSwiftUpdateCheck = 1250;
				LastUpgradeCheck = 1250;
				TargetAttributes = {
					12FFA997273B957A00AB5CBB = {
						CreatedOnToolsVersion = 12.5.1;
					};
				};
			};
			buildConfigurationList = 12FFA993273B957A00AB5CBB /* Build configuration list for PBXProject "Lesson5_TimerQA" */;
			compatibilityVersion = "Xcode 9.3";
			developmentRegion = en;
			hasScannedForEncodings = 0;
			knownRegions = (
				en,
				Base,
			);
			mainGroup = 12FFA98F273B957A00AB5CBB;
			productRefGroup = 12FFA999273B957A00AB5CBB /* Products */;
			projectDirPath = "";
			projectRoot = "";
			targets = (
				12FFA997273B957A00AB5CBB /* Lesson5_TimerQA */,
			);
		};
/* End PBXProject section */

/* Begin PBXResourcesBuildPhase section */
		12FFA996273B957A00AB5CBB /* Resources */ = {
			isa = PBXResourcesBuildPhase;
			buildActionMask = 2147483647;
			files = (
				12FFA9A8273B957F00AB5CBB /* LaunchScreen.storyboard in Resources */,
				12FFA9A5273B957F00AB5CBB /* Assets.xcassets in Resources */,
				12FFA9A3273B957A00AB5CBB /* Main.storyboard in Resources */,
			);
			runOnlyForDeploymentPostprocessing = 0;
		};
/* End PBXResourcesBuildPhase section */

/* Begin PBXSourcesBuildPhase section */
		12FFA994273B957A00AB5CBB /* Sources */ = {
			isa = PBXSourcesBuildPhase;
			buildActionMask = 2147483647;
			files = (
				12FFA9A0273B957A00AB5CBB /* ViewController.swift in Sources */,
				12FFA99C273B957A00AB5CBB /* AppDelegate.swift in Sources */,
				12FFA99E273B957A00AB5CBB /* SceneDelegate.swift in Sources */,
			);
			runOnlyForDeploymentPostprocessing = 0;
		};
/* End PBXSourcesBuildPhase section */

/* Begin PBXVariantGroup section */
		12FFA9A1273B957A00AB5CBB /* Main.storyboard */ = {
			isa = PBXVariantGroup;
			children = (
				12FFA9A2273B957A00AB5CBB /* Base */,
			);
			name = Main.storyboard;
			sourceTree = "<group>";
		};
		12FFA9A6273B957F00AB5CBB /* LaunchScreen.storyboard */ = {
			isa = PBXVariantGroup;
			children = (
				12FFA9A7273B957F00AB5CBB /* Base */,
			);
			name = LaunchScreen.storyboard;
			sourceTree = "<group>";
		};
/* End PBXVariantGroup section */

/* Begin XCBuildConfiguration section */
		12FFA9AA273B957F00AB5CBB /* Debug */ = {
			isa = XCBuildConfiguration;
			buildSettings = {
				ALWAYS_SEARCH_USER_PATHS = NO;
				CLANG_ANALYZER_NONNULL = YES;
				CLANG_ANALYZER_NUMBER_OBJECT_CONVERSION = YES_AGGRESSIVE;
				CLANG_CXX_LANGUAGE_STANDARD = "gnu++14";
				CLANG_CXX_LIBRARY = "libc++";
				CLANG_ENABLE_MODULES = YES;
				CLANG_ENABLE_OBJC_ARC = YES;
				CLANG_ENABLE_OBJC_WEAK = YES;
				CLANG_WARN_BLOCK_CAPTURE_AUTORELEASING = YES;
				CLANG_WARN_BOOL_CONVERSION = YES;
				CLANG_WARN_COMMA = YES;
				CLANG_WARN_CONSTANT_CONVERSION = YES;
				CLANG_WARN_DEPRECATED_OBJC_IMPLEMENTATIONS = YES;
				CLANG_WARN_DIRECT_OBJC_ISA_USAGE = YES_ERROR;
				CLANG_WARN_DOCUMENTATION_COMMENTS = YES;
				CLANG_WARN_EMPTY_BODY = YES;
				CLANG_WARN_ENUM_CONVERSION = YES;
				CLANG_WARN_INFINITE_RECURSION = YES;
				CLANG_WARN_INT_CONVERSION = YES;
				CLANG_WARN_NON_LITERAL_NULL_CONVERSION = YES;
				CLANG_WARN_OBJC_IMPLICIT_RETAIN_SELF = YES;
				CLANG_WARN_OBJC_LITERAL_CONVERSION = YES;
				CLANG_WARN_OBJC_ROOT_CLASS = YES_ERROR;
				CLANG_WARN_QUOTED_INCLUDE_IN_FRAMEWORK_HEADER = YES;
				CLANG_WARN_RANGE_LOOP_ANALYSIS = YES;
				CLANG_WARN_STRICT_PROTOTYPES = YES;
				CLANG_WARN_SUSPICIOUS_MOVE = YES;
				CLANG_WARN_UNGUARDED_AVAILABILITY = YES_AGGRESSIVE;
				CLANG_WARN_UNREACHABLE_CODE = YES;
				CLANG_WARN__DUPLICATE_METHOD_MATCH = YES;
				COPY_PHASE_STRIP = NO;
				DEBUG_INFORMATION_FORMAT = dwarf;
				ENABLE_STRICT_OBJC_MSGSEND = YES;
				ENABLE_TESTABILITY = YES;
				GCC_C_LANGUAGE_STANDARD = gnu11;
				GCC_DYNAMIC_NO_PIC = NO;
				GCC_NO_COMMON_BLOCKS = YES;
				GCC_OPTIMIZATION_LEVEL = 0;
				GCC_PREPROCESSOR_DEFINITIONS = (
					"DEBUG=1",
					"$(inherited)",
				);
				GCC_WARN_64_TO_32_BIT_CONVERSION = YES;
				GCC_WARN_ABOUT_RETURN_TYPE = YES_ERROR;
				GCC_WARN_UNDECLARED_SELECTOR = YES;
				GCC_WARN_UNINITIALIZED_AUTOS = YES_AGGRESSIVE;
				GCC_WARN_UNUSED_FUNCTION = YES;
				GCC_WARN_UNUSED_VARIABLE = YES;
				IPHONEOS_DEPLOYMENT_TARGET = 14.5;
				MTL_ENABLE_DEBUG_INFO = INCLUDE_SOURCE;
				MTL_FAST_MATH = YES;
				ONLY_ACTIVE_ARCH = YES;
				SDKROOT = iphoneos;
				SWIFT_ACTIVE_COMPILATION_CONDITIONS = DEBUG;
				SWIFT_OPTIMIZATION_LEVEL = "-Onone";
			};
			name = Debug;
		};
		12FFA9AB273B957F00AB5CBB /* Release */ = {
			isa = XCBuildConfiguration;
			buildSettings = {
				ALWAYS_SEARCH_USER_PATHS = NO;
				CLANG_ANALYZER_NONNULL = YES;
				CLANG_ANALYZER_NUMBER_OBJECT_CONVERSION = YES_AGGRESSIVE;
				CLANG_CXX_LANGUAGE_STANDARD = "gnu++14";
				CLANG_CXX_LIBRARY = "libc++";
				CLANG_ENABLE_MODULES = YES;
				CLANG_ENABLE_OBJC_ARC = YES;
				CLANG_ENABLE_OBJC_WEAK = YES;
				CLANG_WARN_BLOCK_CAPTURE_AUTORELEASING = YES;
				CLANG_WARN_BOOL_CONVERSION = YES;
				CLANG_WARN_COMMA = YES;
				CLANG_WARN_CONSTANT_CONVERSION = YES;
				CLANG_WARN_DEPRECATED_OBJC_IMPLEMENTATIONS = YES;
				CLANG_WARN_DIRECT_OBJC_ISA_USAGE = YES_ERROR;
				CLANG_WARN_DOCUMENTATION_COMMENTS = YES;
				CLANG_WARN_EMPTY_BODY = YES;
				CLANG_WARN_ENUM_CONVERSION = YES;
				CLANG_WARN_INFINITE_RECURSION = YES;
				CLANG_WARN_INT_CONVERSION = YES;
				CLANG_WARN_NON_LITERAL_NULL_CONVERSION = YES;
				CLANG_WARN_OBJC_IMPLICIT_RETAIN_SELF = YES;
				CLANG_WARN_OBJC_LITERAL_CONVERSION = YES;
				CLANG_WARN_OBJC_ROOT_CLASS = YES_ERROR;
				CLANG_WARN_QUOTED_INCLUDE_IN_FRAMEWORK_HEADER = YES;
				CLANG_WARN_RANGE_LOOP_ANALYSIS = YES;
				CLANG_WARN_STRICT_PROTOTYPES = YES;
				CLANG_WARN_SUSPICIOUS_MOVE = YES;
				CLANG_WARN_UNGUARDED_AVAILABILITY = YES_AGGRESSIVE;
				CLANG_WARN_UNREACHABLE_CODE = YES;
				CLANG_WARN__DUPLICATE_METHOD_MATCH = YES;
				COPY_PHASE_STRIP = NO;
				DEBUG_INFORMATION_FORMAT = "dwarf-with-dsym";
				ENABLE_NS_ASSERTIONS = NO;
				ENABLE_STRICT_OBJC_MSGSEND = YES;
				GCC_C_LANGUAGE_STANDARD = gnu11;
				GCC_NO_COMMON_BLOCKS = YES;
				GCC_WARN_64_TO_32_BIT_CONVERSION = YES;
				GCC_WARN_ABOUT_RETURN_TYPE = YES_ERROR;
				GCC_WARN_UNDECLARED_SELECTOR = YES;
				GCC_WARN_UNINITIALIZED_AUTOS = YES_AGGRESSIVE;
				GCC_WARN_UNUSED_FUNCTION = YES;
				GCC_WARN_UNUSED_VARIABLE = YES;
				IPHONEOS_DEPLOYMENT_TARGET = 14.5;
				MTL_ENABLE_DEBUG_INFO = NO;
				MTL_FAST_MATH = YES;
				SDKROOT = iphoneos;
				SWIFT_COMPILATION_MODE = wholemodule;
				SWIFT_OPTIMIZATION_LEVEL = "-O";
				VALIDATE_PRODUCT = YES;
			};
			name = Release;
		};
		12FFA9AD273B957F00AB5CBB /* Debug */ = {
			isa = XCBuildConfiguration;
			buildSettings = {
				ASSETCATALOG_COMPILER_APPICON_NAME = AppIcon;
				ASSETCATALOG_COMPILER_GLOBAL_ACCENT_COLOR_NAME = AccentColor;
				CODE_SIGN_STYLE = Automatic;
				INFOPLIST_FILE = Lesson5_TimerQA/Info.plist;
				LD_RUNPATH_SEARCH_PATHS = (
					"$(inherited)",
					"@executable_path/Frameworks",
				);
				PRODUCT_BUNDLE_IDENTIFIER = "jp.techacademy.kikyumi.Lesson5-TimerQA";
				PRODUCT_NAME = "$(TARGET_NAME)";
				SWIFT_VERSION = 5.0;
				TARGETED_DEVICE_FAMILY = "1,2";
			};
			name = Debug;
		};
		12FFA9AE273B957F00AB5CBB /* Release */ = {
			isa = XCBuildConfiguration;
			buildSettings = {
				ASSETCATALOG_COMPILER_APPICON_NAME = AppIcon;
				ASSETCATALOG_COMPILER_GLOBAL_ACCENT_COLOR_NAME = AccentColor;
				CODE_SIGN_STYLE = Automatic;
				INFOPLIST_FILE = Lesson5_TimerQA/Info.plist;
				LD_RUNPATH_SEARCH_PATHS = (
					"$(inherited)",
					"@executable_path/Frameworks",
				);
				PRODUCT_BUNDLE_IDENTIFIER = "jp.techacademy.kikyumi.Lesson5-TimerQA";
				PRODUCT_NAME = "$(TARGET_NAME)";
				SWIFT_VERSION = 5.0;
				TARGETED_DEVICE_FAMILY = "1,2";
			};
			name = Release;
		};
/* End XCBuildConfiguration section */

/* Begin XCConfigurationList section */
		12FFA993273B957A00AB5CBB /* Build configuration list for PBXProject "Lesson5_TimerQA" */ = {
			isa = XCConfigurationList;
			buildConfigurations = (
				12FFA9AA273B957F00AB5CBB /* Debug */,
				12FFA9AB273B957F00AB5CBB /* Release */,
			);
			defaultConfigurationIsVisible = 0;
			defaultConfigurationName = Release;
		};
		12FFA9AC273B957F00AB5CBB /* Build configuration list for PBXNativeTarget "Lesson5_TimerQA" */ = {
			isa = XCConfigurationList;
			buildConfigurations = (
				12FFA9AD273B957F00AB5CBB /* Debug */,
				12FFA9AE273B957F00AB5CBB /* Release */,
			);
			defaultConfigurationIsVisible = 0;
			defaultConfigurationName = Release;
		};
/* End XCConfigurationList section */
	};
	rootObject = 12FFA990273B957A00AB5CBB /* Project object */;
}
